
Microsoft Visual Studio Solution File, Format Version 12.00
# Visual Studio Version 16
VisualStudioVersion = 16.0.29613.14
MinimumVisualStudioVersion = 10.0.40219.1
Project("{FAE04EC0-301F-11D3-BF4B-00C04F79EFBC}") = "DockerValidation", "DockerValidation\DockerValidation.csproj", "{5DC79394-F320-4985-B4E9-D4251E0FE354}"
EndProject
Global
	GlobalSection(SolutionConfigurationPlatforms) = preSolution
		Debug|Any CPU = Debug|Any CPU
		Release|Any CPU = Release|Any CPU
	EndGlobalSection
	GlobalSection(ProjectConfigurationPlatforms) = postSolution
		{5DC79394-F320-4985-B4E9-D4251E0FE354}.Debug|Any CPU.ActiveCfg = Debug|Any CPU
		{5DC79394-F320-4985-B4E9-D4251E0FE354}.Debug|Any CPU.Build.0 = Debug|Any CPU
		{5DC79394-F320-4985-B4E9-D4251E0FE354}.Release|Any CPU.ActiveCfg = Release|Any CPU
		{5DC79394-F320-4985-B4E9-D4251E0FE354}.Release|Any CPU.Build.0 = Release|Any CPU
	EndGlobalSection
	GlobalSection(SolutionProperties) = preSolution
		HideSolutionNode = FALSE
	EndGlobalSection
	GlobalSection(ExtensibilityGlobals) = postSolution
		SolutionGuid = {CD3430D9-2B3A-4D11-BAD1-2ADFE048E25B}
	EndGlobalSection
EndGlobal
